
Microsoft Visual Studio Solution File, Format Version 12.00
# Visual Studio 15
VisualStudioVersion = 15.0.26124.0
MinimumVisualStudioVersion = 15.0.26124.0
Project("{FAE04EC0-301F-11D3-BF4B-00C04F79EFBC}") = "parcial2", "parcial2\parcial2.csproj", "{DE05DA74-6035-4457-9160-1C696A4411A1}"
EndProject
Project("{FAE04EC0-301F-11D3-BF4B-00C04F79EFBC}") = "Datos", "Datos\Datos.csproj", "{47398016-7DC5-4D43-8699-07D3561AD05A}"
EndProject
Project("{FAE04EC0-301F-11D3-BF4B-00C04F79EFBC}") = "Logica", "Logica\Logica.csproj", "{A605235B-A6F8-4093-9426-B9A5B3F1252B}"
EndProject
Project("{FAE04EC0-301F-11D3-BF4B-00C04F79EFBC}") = "Entity", "Entity\Entity.csproj", "{BBBA3BA4-5694-4142-8EE6-02074C00DBBB}"
EndProject
Global
	GlobalSection(SolutionConfigurationPlatforms) = preSolution
		Debug|Any CPU = Debug|Any CPU
		Debug|x64 = Debug|x64
		Debug|x86 = Debug|x86
		Release|Any CPU = Release|Any CPU
		Release|x64 = Release|x64
		Release|x86 = Release|x86
	EndGlobalSection
	GlobalSection(SolutionProperties) = preSolution
		HideSolutionNode = FALSE
	EndGlobalSection
	GlobalSection(ProjectConfigurationPlatforms) = postSolution
		{DE05DA74-6035-4457-9160-1C696A4411A1}.Debug|Any CPU.ActiveCfg = Debug|Any CPU
		{DE05DA74-6035-4457-9160-1C696A4411A1}.Debug|Any CPU.Build.0 = Debug|Any CPU
		{DE05DA74-6035-4457-9160-1C696A4411A1}.Debug|x64.ActiveCfg = Debug|Any CPU
		{DE05DA74-6035-4457-9160-1C696A4411A1}.Debug|x64.Build.0 = Debug|Any CPU
		{DE05DA74-6035-4457-9160-1C696A4411A1}.Debug|x86.ActiveCfg = Debug|Any CPU
		{DE05DA74-6035-4457-9160-1C696A4411A1}.Debug|x86.Build.0 = Debug|Any CPU
		{DE05DA74-6035-4457-9160-1C696A4411A1}.Release|Any CPU.ActiveCfg = Release|Any CPU
		{DE05DA74-6035-4457-9160-1C696A4411A1}.Release|Any CPU.Build.0 = Release|Any CPU
		{DE05DA74-6035-4457-9160-1C696A4411A1}.Release|x64.ActiveCfg = Release|Any CPU
		{DE05DA74-6035-4457-9160-1C696A4411A1}.Release|x64.Build.0 = Release|Any CPU
		{DE05DA74-6035-4457-9160-1C696A4411A1}.Release|x86.ActiveCfg = Release|Any CPU
		{DE05DA74-6035-4457-9160-1C696A4411A1}.Release|x86.Build.0 = Release|Any CPU
		{47398016-7DC5-4D43-8699-07D3561AD05A}.Debug|Any CPU.ActiveCfg = Debug|Any CPU
		{47398016-7DC5-4D43-8699-07D3561AD05A}.Debug|Any CPU.Build.0 = Debug|Any CPU
		{47398016-7DC5-4D43-8699-07D3561AD05A}.Debug|x64.ActiveCfg = Debug|Any CPU
		{47398016-7DC5-4D43-8699-07D3561AD05A}.Debug|x64.Build.0 = Debug|Any CPU
		{47398016-7DC5-4D43-8699-07D3561AD05A}.Debug|x86.ActiveCfg = Debug|Any CPU
		{47398016-7DC5-4D43-8699-07D3561AD05A}.Debug|x86.Build.0 = Debug|Any CPU
		{47398016-7DC5-4D43-8699-07D3561AD05A}.Release|Any CPU.ActiveCfg = Release|Any CPU
		{47398016-7DC5-4D43-8699-07D3561AD05A}.Release|Any CPU.Build.0 = Release|Any CPU
		{47398016-7DC5-4D43-8699-07D3561AD05A}.Release|x64.ActiveCfg = Release|Any CPU
		{47398016-7DC5-4D43-8699-07D3561AD05A}.Release|x64.Build.0 = Release|Any CPU
		{47398016-7DC5-4D43-8699-07D3561AD05A}.Release|x86.ActiveCfg = Release|Any CPU
		{47398016-7DC5-4D43-8699-07D3561AD05A}.Release|x86.Build.0 = Release|Any CPU
		{A605235B-A6F8-4093-9426-B9A5B3F1252B}.Debug|Any CPU.ActiveCfg = Debug|Any CPU
		{A605235B-A6F8-4093-9426-B9A5B3F1252B}.Debug|Any CPU.Build.0 = Debug|Any CPU
		{A605235B-A6F8-4093-9426-B9A5B3F1252B}.Debug|x64.ActiveCfg = Debug|Any CPU
		{A605235B-A6F8-4093-9426-B9A5B3F1252B}.Debug|x64.Build.0 = Debug|Any CPU
		{A605235B-A6F8-4093-9426-B9A5B3F1252B}.Debug|x86.ActiveCfg = Debug|Any CPU
		{A605235B-A6F8-4093-9426-B9A5B3F1252B}.Debug|x86.Build.0 = Debug|Any CPU
		{A605235B-A6F8-4093-9426-B9A5B3F1252B}.Release|Any CPU.ActiveCfg = Release|Any CPU
		{A605235B-A6F8-4093-9426-B9A5B3F1252B}.Release|Any CPU.Build.0 = Release|Any CPU
		{A605235B-A6F8-4093-9426-B9A5B3F1252B}.Release|x64.ActiveCfg = Release|Any CPU
		{A605235B-A6F8-4093-9426-B9A5B3F1252B}.Release|x64.Build.0 = Release|Any CPU
		{A605235B-A6F8-4093-9426-B9A5B3F1252B}.Release|x86.ActiveCfg = Release|Any CPU
		{A605235B-A6F8-4093-9426-B9A5B3F1252B}.Release|x86.Build.0 = Release|Any CPU
		{BBBA3BA4-5694-4142-8EE6-02074C00DBBB}.Debug|Any CPU.ActiveCfg = Debug|Any CPU
		{BBBA3BA4-5694-4142-8EE6-02074C00DBBB}.Debug|Any CPU.Build.0 = Debug|Any CPU
		{BBBA3BA4-5694-4142-8EE6-02074C00DBBB}.Debug|x64.ActiveCfg = Debug|Any CPU
		{BBBA3BA4-5694-4142-8EE6-02074C00DBBB}.Debug|x64.Build.0 = Debug|Any CPU
		{BBBA3BA4-5694-4142-8EE6-02074C00DBBB}.Debug|x86.ActiveCfg = Debug|Any CPU
		{BBBA3BA4-5694-4142-8EE6-02074C00DBBB}.Debug|x86.Build.0 = Debug|Any CPU
		{BBBA3BA4-5694-4142-8EE6-02074C00DBBB}.Release|Any CPU.ActiveCfg = Release|Any CPU
		{BBBA3BA4-5694-4142-8EE6-02074C00DBBB}.Release|Any CPU.Build.0 = Release|Any CPU
		{BBBA3BA4-5694-4142-8EE6-02074C00DBBB}.Release|x64.ActiveCfg = Release|Any CPU
		{BBBA3BA4-5694-4142-8EE6-02074C00DBBB}.Release|x64.Build.0 = Release|Any CPU
		{BBBA3BA4-5694-4142-8EE6-02074C00DBBB}.Release|x86.ActiveCfg = Release|Any CPU
		{BBBA3BA4-5694-4142-8EE6-02074C00DBBB}.Release|x86.Build.0 = Release|Any CPU
	EndGlobalSection
EndGlobal
